
Microsoft Visual Studio Solution File, Format Version 12.00
# Visual Studio Version 16
VisualStudioVersion = 16.0.30002.166
MinimumVisualStudioVersion = 10.0.40219.1
Project("{FAE04EC0-301F-11D3-BF4B-00C04F79EFBC}") = "ENEL300 Project App", "ENEL300 Project App\ENEL300 Project App.csproj", "{4914E6E4-F276-4A2F-90BF-AFDC9C376515}"
EndProject
Global
	GlobalSection(SolutionConfigurationPlatforms) = preSolution
		Debug|Any CPU = Debug|Any CPU
		Release|Any CPU = Release|Any CPU
	EndGlobalSection
	GlobalSection(ProjectConfigurationPlatforms) = postSolution
		{4914E6E4-F276-4A2F-90BF-AFDC9C376515}.Debug|Any CPU.ActiveCfg = Debug|Any CPU
		{4914E6E4-F276-4A2F-90BF-AFDC9C376515}.Debug|Any CPU.Build.0 = Debug|Any CPU
		{4914E6E4-F276-4A2F-90BF-AFDC9C376515}.Release|Any CPU.ActiveCfg = Release|Any CPU
		{4914E6E4-F276-4A2F-90BF-AFDC9C376515}.Release|Any CPU.Build.0 = Release|Any CPU
	EndGlobalSection
	GlobalSection(SolutionProperties) = preSolution
		HideSolutionNode = FALSE
	EndGlobalSection
	GlobalSection(ExtensibilityGlobals) = postSolution
		SolutionGuid = {1D144A4F-EDC2-4F58-8C8D-76B391632641}
	EndGlobalSection
EndGlobal
